// !$*UTF8*$!
{
	archiveVersion = 1;
	classes = {
	};
	objectVersion = 56;
	objects = {

/* Begin PBXBuildFile section */
		56011F472C6DE1C800617D4D /* ProfileViewController.swift in Sources */ = {isa = PBXBuildFile; fileRef = 56011F462C6DE1C800617D4D /* ProfileViewController.swift */; };
		56011F4A2C6EAD7800617D4D /* AddBooksViewController.swift in Sources */ = {isa = PBXBuildFile; fileRef = 56011F492C6EAD7800617D4D /* AddBooksViewController.swift */; };
		56011F4C2C6EB59300617D4D /* FactsViewController.swift in Sources */ = {isa = PBXBuildFile; fileRef = 56011F4B2C6EB59300617D4D /* FactsViewController.swift */; };
		56011F4E2C6EBCC200617D4D /* BookSearchResults.swift in Sources */ = {isa = PBXBuildFile; fileRef = 56011F4D2C6EBCC200617D4D /* BookSearchResults.swift */; };
		56011F502C6EBE7400617D4D /* Nuke in Frameworks */ = {isa = PBXBuildFile; productRef = 56011F4F2C6EBE7400617D4D /* Nuke */; };
		56011F522C6EBFCE00617D4D /* NukeExtensions in Frameworks */ = {isa = PBXBuildFile; productRef = 56011F512C6EBFCE00617D4D /* NukeExtensions */; };
		56011F542C86E00400617D4D /* MainViewController.swift in Sources */ = {isa = PBXBuildFile; fileRef = 56011F532C86E00400617D4D /* MainViewController.swift */; };
		56011F562C89829000617D4D /* SignUpViewController.swift in Sources */ = {isa = PBXBuildFile; fileRef = 56011F552C89829000617D4D /* SignUpViewController.swift */; };
		CB602B9929247359006C6727 /* AppDelegate.swift in Sources */ = {isa = PBXBuildFile; fileRef = CB602B9829247359006C6727 /* AppDelegate.swift */; };
		CB602B9B29247359006C6727 /* SceneDelegate.swift in Sources */ = {isa = PBXBuildFile; fileRef = CB602B9A29247359006C6727 /* SceneDelegate.swift */; };
		CB602BA029247359006C6727 /* Main.storyboard in Resources */ = {isa = PBXBuildFile; fileRef = CB602B9E29247359006C6727 /* Main.storyboard */; };
		CB602BA22924735C006C6727 /* Assets.xcassets in Resources */ = {isa = PBXBuildFile; fileRef = CB602BA12924735C006C6727 /* Assets.xcassets */; };
		CB602BA52924735C006C6727 /* LaunchScreen.storyboard in Resources */ = {isa = PBXBuildFile; fileRef = CB602BA32924735C006C6727 /* LaunchScreen.storyboard */; };
/* End PBXBuildFile section */

/* Begin PBXFileReference section */
		56011F462C6DE1C800617D4D /* ProfileViewController.swift */ = {isa = PBXFileReference; lastKnownFileType = sourcecode.swift; path = ProfileViewController.swift; sourceTree = "<group>"; };
		56011F492C6EAD7800617D4D /* AddBooksViewController.swift */ = {isa = PBXFileReference; lastKnownFileType = sourcecode.swift; path = AddBooksViewController.swift; sourceTree = "<group>"; };
		56011F4B2C6EB59300617D4D /* FactsViewController.swift */ = {isa = PBXFileReference; lastKnownFileType = sourcecode.swift; path = FactsViewController.swift; sourceTree = "<group>"; };
		56011F4D2C6EBCC200617D4D /* BookSearchResults.swift */ = {isa = PBXFileReference; lastKnownFileType = sourcecode.swift; path = BookSearchResults.swift; sourceTree = "<group>"; };
		56011F532C86E00400617D4D /* MainViewController.swift */ = {isa = PBXFileReference; lastKnownFileType = sourcecode.swift; path = MainViewController.swift; sourceTree = "<group>"; };
		56011F552C89829000617D4D /* SignUpViewController.swift */ = {isa = PBXFileReference; lastKnownFileType = sourcecode.swift; path = SignUpViewController.swift; sourceTree = "<group>"; };
		CB602B9529247359006C6727 /* ios101-project7-task.app */ = {isa = PBXFileReference; explicitFileType = wrapper.application; includeInIndex = 0; path = "ios101-project7-task.app"; sourceTree = BUILT_PRODUCTS_DIR; };
		CB602B9829247359006C6727 /* AppDelegate.swift */ = {isa = PBXFileReference; lastKnownFileType = sourcecode.swift; path = AppDelegate.swift; sourceTree = "<group>"; };
		CB602B9A29247359006C6727 /* SceneDelegate.swift */ = {isa = PBXFileReference; lastKnownFileType = sourcecode.swift; path = SceneDelegate.swift; sourceTree = "<group>"; };
		CB602B9F29247359006C6727 /* Base */ = {isa = PBXFileReference; lastKnownFileType = file.storyboard; name = Base; path = Base.lproj/Main.storyboard; sourceTree = "<group>"; };
		CB602BA12924735C006C6727 /* Assets.xcassets */ = {isa = PBXFileReference; lastKnownFileType = folder.assetcatalog; path = Assets.xcassets; sourceTree = "<group>"; };
		CB602BA42924735C006C6727 /* Base */ = {isa = PBXFileReference; lastKnownFileType = file.storyboard; name = Base; path = Base.lproj/LaunchScreen.storyboard; sourceTree = "<group>"; };
		CB602BA62924735C006C6727 /* Info.plist */ = {isa = PBXFileReference; lastKnownFileType = text.plist.xml; path = Info.plist; sourceTree = "<group>"; };
/* End PBXFileReference section */

/* Begin PBXFrameworksBuildPhase section */
		CB602B9229247359006C6727 /* Frameworks */ = {
			isa = PBXFrameworksBuildPhase;
			buildActionMask = 2147483647;
			files = (
				56011F502C6EBE7400617D4D /* Nuke in Frameworks */,
				56011F522C6EBFCE00617D4D /* NukeExtensions in Frameworks */,
			);
			runOnlyForDeploymentPostprocessing = 0;
		};
/* End PBXFrameworksBuildPhase section */

/* Begin PBXGroup section */
		CB602B8C29247359006C6727 = {
			isa = PBXGroup;
			children = (
				CB602B9729247359006C6727 /* ios101-project7-task */,
				CB602B9629247359006C6727 /* Products */,
			);
			sourceTree = "<group>";
		};
		CB602B9629247359006C6727 /* Products */ = {
			isa = PBXGroup;
			children = (
				CB602B9529247359006C6727 /* ios101-project7-task.app */,
			);
			name = Products;
			sourceTree = "<group>";
		};
		CB602B9729247359006C6727 /* ios101-project7-task */ = {
			isa = PBXGroup;
			children = (
				CB602B9E29247359006C6727 /* Main.storyboard */,
				CB602BA32924735C006C6727 /* LaunchScreen.storyboard */,
				CB602B9829247359006C6727 /* AppDelegate.swift */,
				CB602B9A29247359006C6727 /* SceneDelegate.swift */,
				CB602BA12924735C006C6727 /* Assets.xcassets */,
				CB602BA62924735C006C6727 /* Info.plist */,
				56011F462C6DE1C800617D4D /* ProfileViewController.swift */,
				56011F492C6EAD7800617D4D /* AddBooksViewController.swift */,
				56011F4B2C6EB59300617D4D /* FactsViewController.swift */,
				56011F4D2C6EBCC200617D4D /* BookSearchResults.swift */,
				56011F532C86E00400617D4D /* MainViewController.swift */,
				56011F552C89829000617D4D /* SignUpViewController.swift */,
			);
			path = "ios101-project7-task";
			sourceTree = "<group>";
		};
/* End PBXGroup section */

/* Begin PBXNativeTarget section */
		CB602B9429247359006C6727 /* ios101-project7-task */ = {
			isa = PBXNativeTarget;
			buildConfigurationList = CB602BA92924735C006C6727 /* Build configuration list for PBXNativeTarget "ios101-project7-task" */;
			buildPhases = (
				CB602B9129247359006C6727 /* Sources */,
				CB602B9229247359006C6727 /* Frameworks */,
				CB602B9329247359006C6727 /* Resources */,
			);
			buildRules = (
			);
			dependencies = (
			);
			name = "ios101-project7-task";
			packageProductDependencies = (
				56011F4F2C6EBE7400617D4D /* Nuke */,
				56011F512C6EBFCE00617D4D /* NukeExtensions */,
			);
			productName = "lab-task-squirrel";
			productReference = CB602B9529247359006C6727 /* ios101-project7-task.app */;
			productType = "com.apple.product-type.application";
		};
/* End PBXNativeTarget section */

/* Begin PBXProject section */
		CB602B8D29247359006C6727 /* Project object */ = {
			isa = PBXProject;
			attributes = {
				BuildIndependentTargetsInParallel = 1;
				LastSwiftUpdateCheck = 1400;
				LastUpgradeCheck = 1540;
				TargetAttributes = {
					CB602B9429247359006C6727 = {
						CreatedOnToolsVersion = 14.0.1;
					};
				};
			};
			buildConfigurationList = CB602B9029247359006C6727 /* Build configuration list for PBXProject "ios101-project7-task" */;
			compatibilityVersion = "Xcode 14.0";
			developmentRegion = en;
			hasScannedForEncodings = 0;
			knownRegions = (
				en,
				Base,
			);
			mainGroup = CB602B8C29247359006C6727;
			packageReferences = (
				56011F482C6DE28100617D4D /* XCRemoteSwiftPackageReference "Nuke" */,
			);
			productRefGroup = CB602B9629247359006C6727 /* Products */;
			projectDirPath = "";
			projectRoot = "";
			targets = (
				CB602B9429247359006C6727 /* ios101-project7-task */,
			);
		};
/* End PBXProject section */

/* Begin PBXResourcesBuildPhase section */
		CB602B9329247359006C6727 /* Resources */ = {
			isa = PBXResourcesBuildPhase;
			buildActionMask = 2147483647;
			files = (
				CB602BA52924735C006C6727 /* LaunchScreen.storyboard in Resources */,
				CB602BA22924735C006C6727 /* Assets.xcassets in Resources */,
				CB602BA029247359006C6727 /* Main.storyboard in Resources */,
			);
			runOnlyForDeploymentPostprocessing = 0;
		};
/* End PBXResourcesBuildPhase section */

/* Begin PBXSourcesBuildPhase section */
		CB602B9129247359006C6727 /* Sources */ = {
			isa = PBXSourcesBuildPhase;
			buildActionMask = 2147483647;
			files = (
				56011F542C86E00400617D4D /* MainViewController.swift in Sources */,
				56011F472C6DE1C800617D4D /* ProfileViewController.swift in Sources */,
				56011F562C89829000617D4D /* SignUpViewController.swift in Sources */,
				56011F4E2C6EBCC200617D4D /* BookSearchResults.swift in Sources */,
				56011F4A2C6EAD7800617D4D /* AddBooksViewController.swift in Sources */,
				CB602B9929247359006C6727 /* AppDelegate.swift in Sources */,
				CB602B9B29247359006C6727 /* SceneDelegate.swift in Sources */,
				56011F4C2C6EB59300617D4D /* FactsViewController.swift in Sources */,
			);
			runOnlyForDeploymentPostprocessing = 0;
		};
/* End PBXSourcesBuildPhase section */

/* Begin PBXVariantGroup section */
		CB602B9E29247359006C6727 /* Main.storyboard */ = {
			isa = PBXVariantGroup;
			children = (
				CB602B9F29247359006C6727 /* Base */,
			);
			name = Main.storyboard;
			sourceTree = "<group>";
		};
		CB602BA32924735C006C6727 /* LaunchScreen.storyboard */ = {
			isa = PBXVariantGroup;
			children = (
				CB602BA42924735C006C6727 /* Base */,
			);
			name = LaunchScreen.storyboard;
			sourceTree = "<group>";
		};
/* End PBXVariantGroup section */

/* Begin XCBuildConfiguration section */
		CB602BA72924735C006C6727 /* Debug */ = {
			isa = XCBuildConfiguration;
			buildSettings = {
				ALWAYS_SEARCH_USER_PATHS = NO;
				CLANG_ANALYZER_NONNULL = YES;
				CLANG_ANALYZER_NUMBER_OBJECT_CONVERSION = YES_AGGRESSIVE;
				CLANG_CXX_LANGUAGE_STANDARD = "gnu++20";
				CLANG_ENABLE_MODULES = YES;
				CLANG_ENABLE_OBJC_ARC = YES;
				CLANG_ENABLE_OBJC_WEAK = YES;
				CLANG_WARN_BLOCK_CAPTURE_AUTORELEASING = YES;
				CLANG_WARN_BOOL_CONVERSION = YES;
				CLANG_WARN_COMMA = YES;
				CLANG_WARN_CONSTANT_CONVERSION = YES;
				CLANG_WARN_DEPRECATED_OBJC_IMPLEMENTATIONS = YES;
				CLANG_WARN_DIRECT_OBJC_ISA_USAGE = YES_ERROR;
				CLANG_WARN_DOCUMENTATION_COMMENTS = YES;
				CLANG_WARN_EMPTY_BODY = YES;
				CLANG_WARN_ENUM_CONVERSION = YES;
				CLANG_WARN_INFINITE_RECURSION = YES;
				CLANG_WARN_INT_CONVERSION = YES;
				CLANG_WARN_NON_LITERAL_NULL_CONVERSION = YES;
				CLANG_WARN_OBJC_IMPLICIT_RETAIN_SELF = YES;
				CLANG_WARN_OBJC_LITERAL_CONVERSION = YES;
				CLANG_WARN_OBJC_ROOT_CLASS = YES_ERROR;
				CLANG_WARN_QUOTED_INCLUDE_IN_FRAMEWORK_HEADER = YES;
				CLANG_WARN_RANGE_LOOP_ANALYSIS = YES;
				CLANG_WARN_STRICT_PROTOTYPES = YES;
				CLANG_WARN_SUSPICIOUS_MOVE = YES;
				CLANG_WARN_UNGUARDED_AVAILABILITY = YES_AGGRESSIVE;
				CLANG_WARN_UNREACHABLE_CODE = YES;
				CLANG_WARN__DUPLICATE_METHOD_MATCH = YES;
				COPY_PHASE_STRIP = NO;
				DEBUG_INFORMATION_FORMAT = dwarf;
				ENABLE_STRICT_OBJC_MSGSEND = YES;
				ENABLE_TESTABILITY = YES;
				ENABLE_USER_SCRIPT_SANDBOXING = YES;
				GCC_C_LANGUAGE_STANDARD = gnu11;
				GCC_DYNAMIC_NO_PIC = NO;
				GCC_NO_COMMON_BLOCKS = YES;
				GCC_OPTIMIZATION_LEVEL = 0;
				GCC_PREPROCESSOR_DEFINITIONS = (
					"DEBUG=1",
					"$(inherited)",
				);
				GCC_WARN_64_TO_32_BIT_CONVERSION = YES;
				GCC_WARN_ABOUT_RETURN_TYPE = YES_ERROR;
				GCC_WARN_UNDECLARED_SELECTOR = YES;
				GCC_WARN_UNINITIALIZED_AUTOS = YES_AGGRESSIVE;
				GCC_WARN_UNUSED_FUNCTION = YES;
				GCC_WARN_UNUSED_VARIABLE = YES;
				IPHONEOS_DEPLOYMENT_TARGET = 16.0;
				MTL_ENABLE_DEBUG_INFO = INCLUDE_SOURCE;
				MTL_FAST_MATH = YES;
				ONLY_ACTIVE_ARCH = YES;
				SDKROOT = iphoneos;
				SWIFT_ACTIVE_COMPILATION_CONDITIONS = DEBUG;
				SWIFT_OPTIMIZATION_LEVEL = "-Onone";
			};
			name = Debug;
		};
		CB602BA82924735C006C6727 /* Release */ = {
			isa = XCBuildConfiguration;
			buildSettings = {
				ALWAYS_SEARCH_USER_PATHS = NO;
				CLANG_ANALYZER_NONNULL = YES;
				CLANG_ANALYZER_NUMBER_OBJECT_CONVERSION = YES_AGGRESSIVE;
				CLANG_CXX_LANGUAGE_STANDARD = "gnu++20";
				CLANG_ENABLE_MODULES = YES;
				CLANG_ENABLE_OBJC_ARC = YES;
				CLANG_ENABLE_OBJC_WEAK = YES;
				CLANG_WARN_BLOCK_CAPTURE_AUTORELEASING = YES;
				CLANG_WARN_BOOL_CONVERSION = YES;
				CLANG_WARN_COMMA = YES;
				CLANG_WARN_CONSTANT_CONVERSION = YES;
				CLANG_WARN_DEPRECATED_OBJC_IMPLEMENTATIONS = YES;
				CLANG_WARN_DIRECT_OBJC_ISA_USAGE = YES_ERROR;
				CLANG_WARN_DOCUMENTATION_COMMENTS = YES;
				CLANG_WARN_EMPTY_BODY = YES;
				CLANG_WARN_ENUM_CONVERSION = YES;
				CLANG_WARN_INFINITE_RECURSION = YES;
				CLANG_WARN_INT_CONVERSION = YES;
				CLANG_WARN_NON_LITERAL_NULL_CONVERSION = YES;
				CLANG_WARN_OBJC_IMPLICIT_RETAIN_SELF = YES;
				CLANG_WARN_OBJC_LITERAL_CONVERSION = YES;
				CLANG_WARN_OBJC_ROOT_CLASS = YES_ERROR;
				CLANG_WARN_QUOTED_INCLUDE_IN_FRAMEWORK_HEADER = YES;
				CLANG_WARN_RANGE_LOOP_ANALYSIS = YES;
				CLANG_WARN_STRICT_PROTOTYPES = YES;
				CLANG_WARN_SUSPICIOUS_MOVE = YES;
				CLANG_WARN_UNGUARDED_AVAILABILITY = YES_AGGRESSIVE;
				CLANG_WARN_UNREACHABLE_CODE = YES;
				CLANG_WARN__DUPLICATE_METHOD_MATCH = YES;
				COPY_PHASE_STRIP = NO;
				DEBUG_INFORMATION_FORMAT = "dwarf-with-dsym";
				ENABLE_NS_ASSERTIONS = NO;
				ENABLE_STRICT_OBJC_MSGSEND = YES;
				ENABLE_USER_SCRIPT_SANDBOXING = YES;
				GCC_C_LANGUAGE_STANDARD = gnu11;
				GCC_NO_COMMON_BLOCKS = YES;
				GCC_WARN_64_TO_32_BIT_CONVERSION = YES;
				GCC_WARN_ABOUT_RETURN_TYPE = YES_ERROR;
				GCC_WARN_UNDECLARED_SELECTOR = YES;
				GCC_WARN_UNINITIALIZED_AUTOS = YES_AGGRESSIVE;
				GCC_WARN_UNUSED_FUNCTION = YES;
				GCC_WARN_UNUSED_VARIABLE = YES;
				IPHONEOS_DEPLOYMENT_TARGET = 16.0;
				MTL_ENABLE_DEBUG_INFO = NO;
				MTL_FAST_MATH = YES;
				SDKROOT = iphoneos;
				SWIFT_COMPILATION_MODE = wholemodule;
				SWIFT_OPTIMIZATION_LEVEL = "-O";
				VALIDATE_PRODUCT = YES;
			};
			name = Release;
		};
		CB602BAA2924735C006C6727 /* Debug */ = {
			isa = XCBuildConfiguration;
			buildSettings = {
				ASSETCATALOG_COMPILER_APPICON_NAME = AppIcon;
				ASSETCATALOG_COMPILER_GLOBAL_ACCENT_COLOR_NAME = AccentColor;
				CODE_SIGN_STYLE = Automatic;
				CURRENT_PROJECT_VERSION = 1;
				DEVELOPMENT_TEAM = AZLSWTHZL9;
				GENERATE_INFOPLIST_FILE = YES;
				INFOPLIST_FILE = "ios101-project7-task/Info.plist";
				INFOPLIST_KEY_CFBundleDisplayName = "Book Maps";
				INFOPLIST_KEY_LSApplicationCategoryType = "public.app-category.books";
				INFOPLIST_KEY_NSCameraUsageDescription = allowitfam;
				INFOPLIST_KEY_NSPhotoLibraryUsageDescription = "Photo Library access is required to add a photo to complete a task.";
				INFOPLIST_KEY_UIApplicationSupportsIndirectInputEvents = YES;
				INFOPLIST_KEY_UILaunchStoryboardName = LaunchScreen;
				INFOPLIST_KEY_UIMainStoryboardFile = Main;
				INFOPLIST_KEY_UISupportedInterfaceOrientations_iPad = "UIInterfaceOrientationPortrait UIInterfaceOrientationPortraitUpsideDown UIInterfaceOrientationLandscapeLeft UIInterfaceOrientationLandscapeRight";
				INFOPLIST_KEY_UISupportedInterfaceOrientations_iPhone = "UIInterfaceOrientationPortrait UIInterfaceOrientationLandscapeLeft UIInterfaceOrientationLandscapeRight";
				LD_RUNPATH_SEARCH_PATHS = (
					"$(inherited)",
					"@executable_path/Frameworks",
				);
				MARKETING_VERSION = 1.0;
				PRODUCT_BUNDLE_IDENTIFIER = plsworkletmetestpls;
				PRODUCT_NAME = "$(TARGET_NAME)";
				SWIFT_EMIT_LOC_STRINGS = YES;
				SWIFT_VERSION = 5.0;
				TARGETED_DEVICE_FAMILY = "1,2";
			};
			name = Debug;
		};
		CB602BAB2924735C006C6727 /* Release */ = {
			isa = XCBuildConfiguration;
			buildSettings = {
				ASSETCATALOG_COMPILER_APPICON_NAME = AppIcon;
				ASSETCATALOG_COMPILER_GLOBAL_ACCENT_COLOR_NAME = AccentColor;
				CODE_SIGN_STYLE = Automatic;
				CURRENT_PROJECT_VERSION = 1;
				DEVELOPMENT_TEAM = AZLSWTHZL9;
				GENERATE_INFOPLIST_FILE = YES;
				INFOPLIST_FILE = "ios101-project7-task/Info.plist";
				INFOPLIST_KEY_CFBundleDisplayName = "Book Maps";
				INFOPLIST_KEY_LSApplicationCategoryType = "public.app-category.books";
				INFOPLIST_KEY_NSCameraUsageDescription = allowitfam;
				INFOPLIST_KEY_NSPhotoLibraryUsageDescription = "Photo Library access is required to add a photo to complete a task.";
				INFOPLIST_KEY_UIApplicationSupportsIndirectInputEvents = YES;
				INFOPLIST_KEY_UILaunchStoryboardName = LaunchScreen;
				INFOPLIST_KEY_UIMainStoryboardFile = Main;
				INFOPLIST_KEY_UISupportedInterfaceOrientations_iPad = "UIInterfaceOrientationPortrait UIInterfaceOrientationPortraitUpsideDown UIInterfaceOrientationLandscapeLeft UIInterfaceOrientationLandscapeRight";
				INFOPLIST_KEY_UISupportedInterfaceOrientations_iPhone = "UIInterfaceOrientationPortrait UIInterfaceOrientationLandscapeLeft UIInterfaceOrientationLandscapeRight";
				LD_RUNPATH_SEARCH_PATHS = (
					"$(inherited)",
					"@executable_path/Frameworks",
				);
				MARKETING_VERSION = 1.0;
				PRODUCT_BUNDLE_IDENTIFIER = plsworkletmetestpls;
				PRODUCT_NAME = "$(TARGET_NAME)";
				SWIFT_EMIT_LOC_STRINGS = YES;
				SWIFT_VERSION = 5.0;
				TARGETED_DEVICE_FAMILY = "1,2";
			};
			name = Release;
		};
/* End XCBuildConfiguration section */

/* Begin XCConfigurationList section */
		CB602B9029247359006C6727 /* Build configuration list for PBXProject "ios101-project7-task" */ = {
			isa = XCConfigurationList;
			buildConfigurations = (
				CB602BA72924735C006C6727 /* Debug */,
				CB602BA82924735C006C6727 /* Release */,
			);
			defaultConfigurationIsVisible = 0;
			defaultConfigurationName = Release;
		};
		CB602BA92924735C006C6727 /* Build configuration list for PBXNativeTarget "ios101-project7-task" */ = {
			isa = XCConfigurationList;
			buildConfigurations = (
				CB602BAA2924735C006C6727 /* Debug */,
				CB602BAB2924735C006C6727 /* Release */,
			);
			defaultConfigurationIsVisible = 0;
			defaultConfigurationName = Release;
		};
/* End XCConfigurationList section */

/* Begin XCRemoteSwiftPackageReference section */
		56011F482C6DE28100617D4D /* XCRemoteSwiftPackageReference "Nuke" */ = {
			isa = XCRemoteSwiftPackageReference;
			repositoryURL = "https://github.com/kean/Nuke.git";
			requirement = {
				kind = upToNextMajorVersion;
				minimumVersion = 12.8.0;
			};
		};
/* End XCRemoteSwiftPackageReference section */

/* Begin XCSwiftPackageProductDependency section */
		56011F4F2C6EBE7400617D4D /* Nuke */ = {
			isa = XCSwiftPackageProductDependency;
			package = 56011F482C6DE28100617D4D /* XCRemoteSwiftPackageReference "Nuke" */;
			productName = Nuke;
		};
		56011F512C6EBFCE00617D4D /* NukeExtensions */ = {
			isa = XCSwiftPackageProductDependency;
			package = 56011F482C6DE28100617D4D /* XCRemoteSwiftPackageReference "Nuke" */;
			productName = NukeExtensions;
		};
/* End XCSwiftPackageProductDependency section */
	};
	rootObject = CB602B8D29247359006C6727 /* Project object */;
}
